// !$*UTF8*$!
{
	archiveVersion = 1;
	classes = {
	};
	objectVersion = 55;
	objects = {

/* Begin PBXBuildFile section */
		AB2B863327E47F9500B99ED6 /* ComicsModel.swift in Sources */ = {isa = PBXBuildFile; fileRef = AB2B863227E47F9500B99ED6 /* ComicsModel.swift */; };
		AB2ECEAD27E26F6F001BB551 /* AppDelegate.swift in Sources */ = {isa = PBXBuildFile; fileRef = AB2ECEAC27E26F6F001BB551 /* AppDelegate.swift */; };
		AB2ECEAF27E26F6F001BB551 /* SceneDelegate.swift in Sources */ = {isa = PBXBuildFile; fileRef = AB2ECEAE27E26F6F001BB551 /* SceneDelegate.swift */; };
		AB2ECEB127E26F6F001BB551 /* DiscoverViewController.swift in Sources */ = {isa = PBXBuildFile; fileRef = AB2ECEB027E26F6F001BB551 /* DiscoverViewController.swift */; };
		AB2ECEB427E26F6F001BB551 /* LoginScreen.storyboard in Resources */ = {isa = PBXBuildFile; fileRef = AB2ECEB227E26F6F001BB551 /* LoginScreen.storyboard */; };
		AB2ECEB627E26F70001BB551 /* Assets.xcassets in Resources */ = {isa = PBXBuildFile; fileRef = AB2ECEB527E26F70001BB551 /* Assets.xcassets */; };
		AB2ECEB927E26F71001BB551 /* LaunchScreen.storyboard in Resources */ = {isa = PBXBuildFile; fileRef = AB2ECEB727E26F71001BB551 /* LaunchScreen.storyboard */; };
		AB2ECECE27E26F71001BB551 /* Marv_LousUITests.swift in Sources */ = {isa = PBXBuildFile; fileRef = AB2ECECD27E26F71001BB551 /* Marv_LousUITests.swift */; };
		AB2ECED027E26F71001BB551 /* Marv_LousUITestsLaunchTests.swift in Sources */ = {isa = PBXBuildFile; fileRef = AB2ECECF27E26F71001BB551 /* Marv_LousUITestsLaunchTests.swift */; };
		AB2ECEE127E27165001BB551 /* SearchComicRepository.swift in Sources */ = {isa = PBXBuildFile; fileRef = AB2ECEE027E27165001BB551 /* SearchComicRepository.swift */; };
		AB2ECEE327E27172001BB551 /* Constants.swift in Sources */ = {isa = PBXBuildFile; fileRef = AB2ECEE227E27172001BB551 /* Constants.swift */; };
		AB31D6292811441900945967 /* DetailsViewModel.swift in Sources */ = {isa = PBXBuildFile; fileRef = AB31D6282811441900945967 /* DetailsViewModel.swift */; };
		AB31D62B281166C300945967 /* FormattedComic.swift in Sources */ = {isa = PBXBuildFile; fileRef = AB31D62A281166C300945967 /* FormattedComic.swift */; };
		AB3A792927F7155B0086FA56 /* LoginViewModel.swift in Sources */ = {isa = PBXBuildFile; fileRef = AB3A792827F7155B0086FA56 /* LoginViewModel.swift */; };
		AB3A792B27F715840086FA56 /* LoginViewController.swift in Sources */ = {isa = PBXBuildFile; fileRef = AB3A792A27F715840086FA56 /* LoginViewController.swift */; };
		AB46FB7A27F4748F000AEF91 /* ServiceErrors.swift in Sources */ = {isa = PBXBuildFile; fileRef = AB46FB7927F4748F000AEF91 /* ServiceErrors.swift */; };
		AB52FEE927F352D6008B2326 /* UIImageViewExtension.swift in Sources */ = {isa = PBXBuildFile; fileRef = AB52FEE827F352D6008B2326 /* UIImageViewExtension.swift */; };
		AB52FEEF27F35F0D008B2326 /* DiscoverViewModel.swift in Sources */ = {isa = PBXBuildFile; fileRef = AB52FEEE27F35F0D008B2326 /* DiscoverViewModel.swift */; };
		AB8EAD7627EC3BAD005111A2 /* APIError.swift in Sources */ = {isa = PBXBuildFile; fileRef = AB8EAD7527EC3BAD005111A2 /* APIError.swift */; };
		AB8EAD7827EC580B005111A2 /* StringExtension.swift in Sources */ = {isa = PBXBuildFile; fileRef = AB8EAD7727EC580B005111A2 /* StringExtension.swift */; };
		ABA3BEAD27FD78EE001C09A6 /* UIViewControllerExtension.swift in Sources */ = {isa = PBXBuildFile; fileRef = ABA3BEAC27FD78EE001C09A6 /* UIViewControllerExtension.swift */; };
		ABAAC2A3284768AF00A906EB /* LoginTests.swift in Sources */ = {isa = PBXBuildFile; fileRef = ABAAC2A2284768AF00A906EB /* LoginTests.swift */; };
		ABAAC2A5284768BC00A906EB /* DiscoverTests.swift in Sources */ = {isa = PBXBuildFile; fileRef = ABAAC2A4284768BC00A906EB /* DiscoverTests.swift */; };
		ABAAC2A7284768C800A906EB /* DetailsTests.swift in Sources */ = {isa = PBXBuildFile; fileRef = ABAAC2A6284768C800A906EB /* DetailsTests.swift */; };
		ABDE6D842805B4F60066C399 /* DetailsViewController.swift in Sources */ = {isa = PBXBuildFile; fileRef = ABDE6D832805B4F60066C399 /* DetailsViewController.swift */; };
		D449CF6F2B31DB1F00D64202 /* ComicTabelViewCell.swift in Sources */ = {isa = PBXBuildFile; fileRef = D449CF6E2B31DB1F00D64202 /* ComicTabelViewCell.swift */; };
		D449CF712B31DD6500D64202 /* FavouritesScreen.storyboard in Resources */ = {isa = PBXBuildFile; fileRef = D449CF702B31DD6500D64202 /* FavouritesScreen.storyboard */; };
		D449CF732B31DD7500D64202 /* SearchScreen.storyboard in Resources */ = {isa = PBXBuildFile; fileRef = D449CF722B31DD7500D64202 /* SearchScreen.storyboard */; };
		D449CF752B31DF0700D64202 /* DiscoverScreen.storyboard in Resources */ = {isa = PBXBuildFile; fileRef = D449CF742B31DF0700D64202 /* DiscoverScreen.storyboard */; };
		D449CF782B31E0A200D64202 /* TabBarController.storyboard in Resources */ = {isa = PBXBuildFile; fileRef = D449CF772B31E0A200D64202 /* TabBarController.storyboard */; };
		D4EC082D2B2F9181002CF45D /* DetailsScreen.storyboard in Resources */ = {isa = PBXBuildFile; fileRef = D4EC082C2B2F9181002CF45D /* DetailsScreen.storyboard */; };
/* End PBXBuildFile section */

/* Begin PBXContainerItemProxy section */
		AB2ECEC027E26F71001BB551 /* PBXContainerItemProxy */ = {
			isa = PBXContainerItemProxy;
			containerPortal = AB2ECEA127E26F6F001BB551 /* Project object */;
			proxyType = 1;
			remoteGlobalIDString = AB2ECEA827E26F6F001BB551;
			remoteInfo = "Marv-Lous";
		};
		AB2ECECA27E26F71001BB551 /* PBXContainerItemProxy */ = {
			isa = PBXContainerItemProxy;
			containerPortal = AB2ECEA127E26F6F001BB551 /* Project object */;
			proxyType = 1;
			remoteGlobalIDString = AB2ECEA827E26F6F001BB551;
			remoteInfo = "Marv-Lous";
		};
/* End PBXContainerItemProxy section */

/* Begin PBXFileReference section */
		AB2B863227E47F9500B99ED6 /* ComicsModel.swift */ = {isa = PBXFileReference; lastKnownFileType = sourcecode.swift; path = ComicsModel.swift; sourceTree = "<group>"; };
		AB2ECEA927E26F6F001BB551 /* Marv-Lous.app */ = {isa = PBXFileReference; explicitFileType = wrapper.application; includeInIndex = 0; path = "Marv-Lous.app"; sourceTree = BUILT_PRODUCTS_DIR; };
		AB2ECEAC27E26F6F001BB551 /* AppDelegate.swift */ = {isa = PBXFileReference; lastKnownFileType = sourcecode.swift; path = AppDelegate.swift; sourceTree = "<group>"; };
		AB2ECEAE27E26F6F001BB551 /* SceneDelegate.swift */ = {isa = PBXFileReference; lastKnownFileType = sourcecode.swift; path = SceneDelegate.swift; sourceTree = "<group>"; };
		AB2ECEB027E26F6F001BB551 /* DiscoverViewController.swift */ = {isa = PBXFileReference; lastKnownFileType = sourcecode.swift; path = DiscoverViewController.swift; sourceTree = "<group>"; };
		AB2ECEB327E26F6F001BB551 /* Base */ = {isa = PBXFileReference; lastKnownFileType = file.storyboard; name = Base; path = Base.lproj/LoginScreen.storyboard; sourceTree = "<group>"; };
		AB2ECEB527E26F70001BB551 /* Assets.xcassets */ = {isa = PBXFileReference; lastKnownFileType = folder.assetcatalog; path = Assets.xcassets; sourceTree = "<group>"; };
		AB2ECEB827E26F71001BB551 /* Base */ = {isa = PBXFileReference; lastKnownFileType = file.storyboard; name = Base; path = Base.lproj/LaunchScreen.storyboard; sourceTree = "<group>"; };
		AB2ECEBA27E26F71001BB551 /* Info.plist */ = {isa = PBXFileReference; lastKnownFileType = text.plist.xml; path = Info.plist; sourceTree = "<group>"; };
		AB2ECEBF27E26F71001BB551 /* Marv-LousTests.xctest */ = {isa = PBXFileReference; explicitFileType = wrapper.cfbundle; includeInIndex = 0; path = "Marv-LousTests.xctest"; sourceTree = BUILT_PRODUCTS_DIR; };
		AB2ECEC927E26F71001BB551 /* Marv-LousUITests.xctest */ = {isa = PBXFileReference; explicitFileType = wrapper.cfbundle; includeInIndex = 0; path = "Marv-LousUITests.xctest"; sourceTree = BUILT_PRODUCTS_DIR; };
		AB2ECECD27E26F71001BB551 /* Marv_LousUITests.swift */ = {isa = PBXFileReference; lastKnownFileType = sourcecode.swift; path = Marv_LousUITests.swift; sourceTree = "<group>"; };
		AB2ECECF27E26F71001BB551 /* Marv_LousUITestsLaunchTests.swift */ = {isa = PBXFileReference; lastKnownFileType = sourcecode.swift; path = Marv_LousUITestsLaunchTests.swift; sourceTree = "<group>"; };
		AB2ECEE027E27165001BB551 /* SearchComicRepository.swift */ = {isa = PBXFileReference; lastKnownFileType = sourcecode.swift; path = SearchComicRepository.swift; sourceTree = "<group>"; };
		AB2ECEE227E27172001BB551 /* Constants.swift */ = {isa = PBXFileReference; lastKnownFileType = sourcecode.swift; path = Constants.swift; sourceTree = "<group>"; };
		AB31D6282811441900945967 /* DetailsViewModel.swift */ = {isa = PBXFileReference; lastKnownFileType = sourcecode.swift; path = DetailsViewModel.swift; sourceTree = "<group>"; };
		AB31D62A281166C300945967 /* FormattedComic.swift */ = {isa = PBXFileReference; lastKnownFileType = sourcecode.swift; path = FormattedComic.swift; sourceTree = "<group>"; };
		AB3A792827F7155B0086FA56 /* LoginViewModel.swift */ = {isa = PBXFileReference; lastKnownFileType = sourcecode.swift; path = LoginViewModel.swift; sourceTree = "<group>"; };
		AB3A792A27F715840086FA56 /* LoginViewController.swift */ = {isa = PBXFileReference; lastKnownFileType = sourcecode.swift; path = LoginViewController.swift; sourceTree = "<group>"; };
		AB46FB7927F4748F000AEF91 /* ServiceErrors.swift */ = {isa = PBXFileReference; lastKnownFileType = sourcecode.swift; path = ServiceErrors.swift; sourceTree = "<group>"; };
		AB52FEE827F352D6008B2326 /* UIImageViewExtension.swift */ = {isa = PBXFileReference; lastKnownFileType = sourcecode.swift; path = UIImageViewExtension.swift; sourceTree = "<group>"; };
		AB52FEEE27F35F0D008B2326 /* DiscoverViewModel.swift */ = {isa = PBXFileReference; lastKnownFileType = sourcecode.swift; path = DiscoverViewModel.swift; sourceTree = "<group>"; };
		AB8EAD7527EC3BAD005111A2 /* APIError.swift */ = {isa = PBXFileReference; lastKnownFileType = sourcecode.swift; path = APIError.swift; sourceTree = "<group>"; };
		AB8EAD7727EC580B005111A2 /* StringExtension.swift */ = {isa = PBXFileReference; lastKnownFileType = sourcecode.swift; path = StringExtension.swift; sourceTree = "<group>"; };
		ABA3BEAC27FD78EE001C09A6 /* UIViewControllerExtension.swift */ = {isa = PBXFileReference; lastKnownFileType = sourcecode.swift; path = UIViewControllerExtension.swift; sourceTree = "<group>"; };
		ABAAC2A2284768AF00A906EB /* LoginTests.swift */ = {isa = PBXFileReference; lastKnownFileType = sourcecode.swift; path = LoginTests.swift; sourceTree = "<group>"; };
		ABAAC2A4284768BC00A906EB /* DiscoverTests.swift */ = {isa = PBXFileReference; lastKnownFileType = sourcecode.swift; path = DiscoverTests.swift; sourceTree = "<group>"; };
		ABAAC2A6284768C800A906EB /* DetailsTests.swift */ = {isa = PBXFileReference; lastKnownFileType = sourcecode.swift; path = DetailsTests.swift; sourceTree = "<group>"; };
		ABDE6D832805B4F60066C399 /* DetailsViewController.swift */ = {isa = PBXFileReference; lastKnownFileType = sourcecode.swift; path = DetailsViewController.swift; sourceTree = "<group>"; };
		D449CF6E2B31DB1F00D64202 /* ComicTabelViewCell.swift */ = {isa = PBXFileReference; fileEncoding = 4; lastKnownFileType = sourcecode.swift; path = ComicTabelViewCell.swift; sourceTree = "<group>"; };
		D449CF702B31DD6500D64202 /* FavouritesScreen.storyboard */ = {isa = PBXFileReference; lastKnownFileType = file.storyboard; path = FavouritesScreen.storyboard; sourceTree = "<group>"; };
		D449CF722B31DD7500D64202 /* SearchScreen.storyboard */ = {isa = PBXFileReference; lastKnownFileType = file.storyboard; path = SearchScreen.storyboard; sourceTree = "<group>"; };
		D449CF742B31DF0700D64202 /* DiscoverScreen.storyboard */ = {isa = PBXFileReference; lastKnownFileType = file.storyboard; path = DiscoverScreen.storyboard; sourceTree = "<group>"; };
		D449CF772B31E0A200D64202 /* TabBarController.storyboard */ = {isa = PBXFileReference; lastKnownFileType = file.storyboard; path = TabBarController.storyboard; sourceTree = "<group>"; };
		D4EC082C2B2F9181002CF45D /* DetailsScreen.storyboard */ = {isa = PBXFileReference; lastKnownFileType = file.storyboard; path = DetailsScreen.storyboard; sourceTree = "<group>"; };
/* End PBXFileReference section */

/* Begin PBXFrameworksBuildPhase section */
		AB2ECEA627E26F6F001BB551 /* Frameworks */ = {
			isa = PBXFrameworksBuildPhase;
			buildActionMask = 2147483647;
			files = (
			);
			runOnlyForDeploymentPostprocessing = 0;
		};
		AB2ECEBC27E26F71001BB551 /* Frameworks */ = {
			isa = PBXFrameworksBuildPhase;
			buildActionMask = 2147483647;
			files = (
			);
			runOnlyForDeploymentPostprocessing = 0;
		};
		AB2ECEC627E26F71001BB551 /* Frameworks */ = {
			isa = PBXFrameworksBuildPhase;
			buildActionMask = 2147483647;
			files = (
			);
			runOnlyForDeploymentPostprocessing = 0;
		};
/* End PBXFrameworksBuildPhase section */

/* Begin PBXGroup section */
		AB2ECEA027E26F6F001BB551 = {
			isa = PBXGroup;
			children = (
				AB2ECEAB27E26F6F001BB551 /* Marv-Lous */,
				AB2ECEC227E26F71001BB551 /* Marv-LousTests */,
				AB2ECECC27E26F71001BB551 /* Marv-LousUITests */,
				AB2ECEAA27E26F6F001BB551 /* Products */,
			);
			sourceTree = "<group>";
		};
		AB2ECEAA27E26F6F001BB551 /* Products */ = {
			isa = PBXGroup;
			children = (
				AB2ECEA927E26F6F001BB551 /* Marv-Lous.app */,
				AB2ECEBF27E26F71001BB551 /* Marv-LousTests.xctest */,
				AB2ECEC927E26F71001BB551 /* Marv-LousUITests.xctest */,
			);
			name = Products;
			sourceTree = "<group>";
		};
		AB2ECEAB27E26F6F001BB551 /* Marv-Lous */ = {
			isa = PBXGroup;
			children = (
				AB2ECEDF27E2714D001BB551 /* Utilities */,
				AB4DAB612825790A00F4D3CE /* Features */,
				AB2ECEE627E271DC001BB551 /* UserInterfaces */,
				AB46FB7827F47477000AEF91 /* Service Layer */,
				AB52FEE727F3528F008B2326 /* Extensions */,
				AB2ECEE427E2717C001BB551 /* Style Kit */,
				AB2ECEE527E271AC001BB551 /* Config */,
			);
			path = "Marv-Lous";
			sourceTree = "<group>";
		};
		AB2ECEC227E26F71001BB551 /* Marv-LousTests */ = {
			isa = PBXGroup;
			children = (
				ABAAC2A2284768AF00A906EB /* LoginTests.swift */,
				ABAAC2A4284768BC00A906EB /* DiscoverTests.swift */,
				ABAAC2A6284768C800A906EB /* DetailsTests.swift */,
			);
			path = "Marv-LousTests";
			sourceTree = "<group>";
		};
		AB2ECECC27E26F71001BB551 /* Marv-LousUITests */ = {
			isa = PBXGroup;
			children = (
				AB2ECECD27E26F71001BB551 /* Marv_LousUITests.swift */,
				AB2ECECF27E26F71001BB551 /* Marv_LousUITestsLaunchTests.swift */,
			);
			path = "Marv-LousUITests";
			sourceTree = "<group>";
		};
		AB2ECEDC27E27126001BB551 /* Models */ = {
			isa = PBXGroup;
			children = (
				AB2B863227E47F9500B99ED6 /* ComicsModel.swift */,
				AB31D62A281166C300945967 /* FormattedComic.swift */,
				AB8EAD7527EC3BAD005111A2 /* APIError.swift */,
			);
			path = Models;
			sourceTree = "<group>";
		};
		AB2ECEDF27E2714D001BB551 /* Utilities */ = {
			isa = PBXGroup;
			children = (
				AB2ECEE227E27172001BB551 /* Constants.swift */,
			);
			path = Utilities;
			sourceTree = "<group>";
		};
		AB2ECEE427E2717C001BB551 /* Style Kit */ = {
			isa = PBXGroup;
			children = (
				AB2ECEB527E26F70001BB551 /* Assets.xcassets */,
			);
			path = "Style Kit";
			sourceTree = "<group>";
		};
		AB2ECEE527E271AC001BB551 /* Config */ = {
			isa = PBXGroup;
			children = (
				AB2ECEBA27E26F71001BB551 /* Info.plist */,
				AB2ECEAC27E26F6F001BB551 /* AppDelegate.swift */,
				AB2ECEAE27E26F6F001BB551 /* SceneDelegate.swift */,
			);
			path = Config;
			sourceTree = "<group>";
		};
		AB2ECEE627E271DC001BB551 /* UserInterfaces */ = {
			isa = PBXGroup;
			children = (
				AB2ECEB727E26F71001BB551 /* LaunchScreen.storyboard */,
			);
			path = UserInterfaces;
			sourceTree = "<group>";
		};
		AB46FB7827F47477000AEF91 /* Service Layer */ = {
			isa = PBXGroup;
			children = (
				AB46FB7927F4748F000AEF91 /* ServiceErrors.swift */,
			);
			path = "Service Layer";
			sourceTree = "<group>";
		};
		AB4DAB612825790A00F4D3CE /* Features */ = {
			isa = PBXGroup;
			children = (
				AB4DAB622825791F00F4D3CE /* Login */,
				D449CF762B31E05B00D64202 /* Tab Bar Controller */,
				AB4DAB632825792700F4D3CE /* Discover */,
				D449CF6D2B31DA4A00D64202 /* Favourites */,
				D449CF6C2B31DA3D00D64202 /* Search */,
				AB4DAB642825793200F4D3CE /* Details */,
			);
			path = Features;
			sourceTree = "<group>";
		};
		AB4DAB622825791F00F4D3CE /* Login */ = {
			isa = PBXGroup;
			children = (
				AB4DAB6728263CEB00F4D3CE /* View */,
				AB2ECEB227E26F6F001BB551 /* LoginScreen.storyboard */,
			);
			path = Login;
			sourceTree = "<group>";
		};
		AB4DAB632825792700F4D3CE /* Discover */ = {
			isa = PBXGroup;
			children = (
				AB52FEED27F35909008B2326 /* TableViewCells */,
				AB4DAB6528263BAD00F4D3CE /* View */,
				AB52FEEC27F357EF008B2326 /* Repositories */,
				D449CF742B31DF0700D64202 /* DiscoverScreen.storyboard */,
			);
			path = Discover;
			sourceTree = "<group>";
		};
		AB4DAB642825793200F4D3CE /* Details */ = {
			isa = PBXGroup;
			children = (
				AB4DAB6628263CDD00F4D3CE /* View */,
				D4EC082C2B2F9181002CF45D /* DetailsScreen.storyboard */,
			);
			path = Details;
			sourceTree = "<group>";
		};
		AB4DAB6528263BAD00F4D3CE /* View */ = {
			isa = PBXGroup;
			children = (
				AB52FEEE27F35F0D008B2326 /* DiscoverViewModel.swift */,
				AB2ECEB027E26F6F001BB551 /* DiscoverViewController.swift */,
			);
			path = View;
			sourceTree = "<group>";
		};
		AB4DAB6628263CDD00F4D3CE /* View */ = {
			isa = PBXGroup;
			children = (
				AB31D6282811441900945967 /* DetailsViewModel.swift */,
				ABDE6D832805B4F60066C399 /* DetailsViewController.swift */,
			);
			path = View;
			sourceTree = "<group>";
		};
		AB4DAB6728263CEB00F4D3CE /* View */ = {
			isa = PBXGroup;
			children = (
				AB3A792827F7155B0086FA56 /* LoginViewModel.swift */,
				AB3A792A27F715840086FA56 /* LoginViewController.swift */,
			);
			path = View;
			sourceTree = "<group>";
		};
		AB52FEE727F3528F008B2326 /* Extensions */ = {
			isa = PBXGroup;
			children = (
				AB52FEE827F352D6008B2326 /* UIImageViewExtension.swift */,
				ABA3BEAC27FD78EE001C09A6 /* UIViewControllerExtension.swift */,
				AB8EAD7727EC580B005111A2 /* StringExtension.swift */,
			);
			path = Extensions;
			sourceTree = "<group>";
		};
		AB52FEEC27F357EF008B2326 /* Repositories */ = {
			isa = PBXGroup;
			children = (
				AB2ECEDC27E27126001BB551 /* Models */,
				AB2ECEE027E27165001BB551 /* SearchComicRepository.swift */,
			);
			path = Repositories;
			sourceTree = "<group>";
		};
		AB52FEED27F35909008B2326 /* TableViewCells */ = {
			isa = PBXGroup;
			children = (
				D449CF6E2B31DB1F00D64202 /* ComicTabelViewCell.swift */,
			);
			path = TableViewCells;
			sourceTree = "<group>";
		};
		D449CF6C2B31DA3D00D64202 /* Search */ = {
			isa = PBXGroup;
			children = (
				D449CF722B31DD7500D64202 /* SearchScreen.storyboard */,
			);
			path = Search;
			sourceTree = "<group>";
		};
		D449CF6D2B31DA4A00D64202 /* Favourites */ = {
			isa = PBXGroup;
			children = (
				D449CF702B31DD6500D64202 /* FavouritesScreen.storyboard */,
			);
			path = Favourites;
			sourceTree = "<group>";
		};
		D449CF762B31E05B00D64202 /* Tab Bar Controller */ = {
			isa = PBXGroup;
			children = (
				D449CF772B31E0A200D64202 /* TabBarController.storyboard */,
			);
			path = "Tab Bar Controller";
			sourceTree = "<group>";
		};
/* End PBXGroup section */

/* Begin PBXNativeTarget section */
		AB2ECEA827E26F6F001BB551 /* Marv-Lous */ = {
			isa = PBXNativeTarget;
			buildConfigurationList = AB2ECED327E26F71001BB551 /* Build configuration list for PBXNativeTarget "Marv-Lous" */;
			buildPhases = (
				ABE246ED27E3B516007FC3A9 /* ShellScript */,
				AB2ECEA527E26F6F001BB551 /* Sources */,
				AB2ECEA627E26F6F001BB551 /* Frameworks */,
				AB2ECEA727E26F6F001BB551 /* Resources */,
			);
			buildRules = (
			);
			dependencies = (
			);
			name = "Marv-Lous";
			productName = "Marv-Lous";
			productReference = AB2ECEA927E26F6F001BB551 /* Marv-Lous.app */;
			productType = "com.apple.product-type.application";
		};
		AB2ECEBE27E26F71001BB551 /* Marv-LousTests */ = {
			isa = PBXNativeTarget;
			buildConfigurationList = AB2ECED627E26F71001BB551 /* Build configuration list for PBXNativeTarget "Marv-LousTests" */;
			buildPhases = (
				AB2ECEBB27E26F71001BB551 /* Sources */,
				AB2ECEBC27E26F71001BB551 /* Frameworks */,
				AB2ECEBD27E26F71001BB551 /* Resources */,
			);
			buildRules = (
			);
			dependencies = (
				AB2ECEC127E26F71001BB551 /* PBXTargetDependency */,
			);
			name = "Marv-LousTests";
			productName = "Marv-LousTests";
			productReference = AB2ECEBF27E26F71001BB551 /* Marv-LousTests.xctest */;
			productType = "com.apple.product-type.bundle.unit-test";
		};
		AB2ECEC827E26F71001BB551 /* Marv-LousUITests */ = {
			isa = PBXNativeTarget;
			buildConfigurationList = AB2ECED927E26F71001BB551 /* Build configuration list for PBXNativeTarget "Marv-LousUITests" */;
			buildPhases = (
				AB2ECEC527E26F71001BB551 /* Sources */,
				AB2ECEC627E26F71001BB551 /* Frameworks */,
				AB2ECEC727E26F71001BB551 /* Resources */,
			);
			buildRules = (
			);
			dependencies = (
				AB2ECECB27E26F71001BB551 /* PBXTargetDependency */,
			);
			name = "Marv-LousUITests";
			productName = "Marv-LousUITests";
			productReference = AB2ECEC927E26F71001BB551 /* Marv-LousUITests.xctest */;
			productType = "com.apple.product-type.bundle.ui-testing";
		};
/* End PBXNativeTarget section */

/* Begin PBXProject section */
		AB2ECEA127E26F6F001BB551 /* Project object */ = {
			isa = PBXProject;
			attributes = {
				BuildIndependentTargetsInParallel = 1;
				LastSwiftUpdateCheck = 1330;
				LastUpgradeCheck = 1330;
				TargetAttributes = {
					AB2ECEA827E26F6F001BB551 = {
						CreatedOnToolsVersion = 13.3;
					};
					AB2ECEBE27E26F71001BB551 = {
						CreatedOnToolsVersion = 13.3;
						TestTargetID = AB2ECEA827E26F6F001BB551;
					};
					AB2ECEC827E26F71001BB551 = {
						CreatedOnToolsVersion = 13.3;
						TestTargetID = AB2ECEA827E26F6F001BB551;
					};
				};
			};
			buildConfigurationList = AB2ECEA427E26F6F001BB551 /* Build configuration list for PBXProject "Marv-Lous" */;
			compatibilityVersion = "Xcode 13.0";
			developmentRegion = en;
			hasScannedForEncodings = 0;
			knownRegions = (
				en,
				Base,
			);
			mainGroup = AB2ECEA027E26F6F001BB551;
			productRefGroup = AB2ECEAA27E26F6F001BB551 /* Products */;
			projectDirPath = "";
			projectRoot = "";
			targets = (
				AB2ECEA827E26F6F001BB551 /* Marv-Lous */,
				AB2ECEBE27E26F71001BB551 /* Marv-LousTests */,
				AB2ECEC827E26F71001BB551 /* Marv-LousUITests */,
			);
		};
/* End PBXProject section */

/* Begin PBXResourcesBuildPhase section */
		AB2ECEA727E26F6F001BB551 /* Resources */ = {
			isa = PBXResourcesBuildPhase;
			buildActionMask = 2147483647;
			files = (
				D449CF712B31DD6500D64202 /* FavouritesScreen.storyboard in Resources */,
				AB2ECEB927E26F71001BB551 /* LaunchScreen.storyboard in Resources */,
				D449CF782B31E0A200D64202 /* TabBarController.storyboard in Resources */,
				D449CF732B31DD7500D64202 /* SearchScreen.storyboard in Resources */,
				D4EC082D2B2F9181002CF45D /* DetailsScreen.storyboard in Resources */,
				D449CF752B31DF0700D64202 /* DiscoverScreen.storyboard in Resources */,
				AB2ECEB627E26F70001BB551 /* Assets.xcassets in Resources */,
				AB2ECEB427E26F6F001BB551 /* LoginScreen.storyboard in Resources */,
			);
			runOnlyForDeploymentPostprocessing = 0;
		};
		AB2ECEBD27E26F71001BB551 /* Resources */ = {
			isa = PBXResourcesBuildPhase;
			buildActionMask = 2147483647;
			files = (
			);
			runOnlyForDeploymentPostprocessing = 0;
		};
		AB2ECEC727E26F71001BB551 /* Resources */ = {
			isa = PBXResourcesBuildPhase;
			buildActionMask = 2147483647;
			files = (
			);
			runOnlyForDeploymentPostprocessing = 0;
		};
/* End PBXResourcesBuildPhase section */

/* Begin PBXShellScriptBuildPhase section */
		ABE246ED27E3B516007FC3A9 /* ShellScript */ = {
			isa = PBXShellScriptBuildPhase;
			buildActionMask = 2147483647;
			files = (
			);
			inputFileListPaths = (
			);
			inputPaths = (
			);
			outputFileListPaths = (
			);
			outputPaths = (
			);
			runOnlyForDeploymentPostprocessing = 0;
			shellPath = /bin/sh;
			shellScript = "export PATH=\"$PATH:/opt/homebrew/bin\"\nif which swiftlint >/dev/null; then\n  swiftlint\nelse\n  echo \"warning: SwiftLint not installed, download from https://github.com/realm/SwiftLint\"\nfi\n";
		};
/* End PBXShellScriptBuildPhase section */

/* Begin PBXSourcesBuildPhase section */
		AB2ECEA527E26F6F001BB551 /* Sources */ = {
			isa = PBXSourcesBuildPhase;
			buildActionMask = 2147483647;
			files = (
				AB31D62B281166C300945967 /* FormattedComic.swift in Sources */,
				AB52FEE927F352D6008B2326 /* UIImageViewExtension.swift in Sources */,
				AB2ECEB127E26F6F001BB551 /* DiscoverViewController.swift in Sources */,
				ABA3BEAD27FD78EE001C09A6 /* UIViewControllerExtension.swift in Sources */,
				AB2ECEE127E27165001BB551 /* SearchComicRepository.swift in Sources */,
				AB46FB7A27F4748F000AEF91 /* ServiceErrors.swift in Sources */,
				AB3A792B27F715840086FA56 /* LoginViewController.swift in Sources */,
				AB2ECEAD27E26F6F001BB551 /* AppDelegate.swift in Sources */,
				AB2B863327E47F9500B99ED6 /* ComicsModel.swift in Sources */,
				AB2ECEAF27E26F6F001BB551 /* SceneDelegate.swift in Sources */,
				AB2ECEE327E27172001BB551 /* Constants.swift in Sources */,
				D449CF6F2B31DB1F00D64202 /* ComicTabelViewCell.swift in Sources */,
				ABDE6D842805B4F60066C399 /* DetailsViewController.swift in Sources */,
				AB8EAD7627EC3BAD005111A2 /* APIError.swift in Sources */,
				AB8EAD7827EC580B005111A2 /* StringExtension.swift in Sources */,
				AB52FEEF27F35F0D008B2326 /* DiscoverViewModel.swift in Sources */,
				AB3A792927F7155B0086FA56 /* LoginViewModel.swift in Sources */,
				AB31D6292811441900945967 /* DetailsViewModel.swift in Sources */,
			);
			runOnlyForDeploymentPostprocessing = 0;
		};
		AB2ECEBB27E26F71001BB551 /* Sources */ = {
			isa = PBXSourcesBuildPhase;
			buildActionMask = 2147483647;
			files = (
				ABAAC2A3284768AF00A906EB /* LoginTests.swift in Sources */,
				ABAAC2A7284768C800A906EB /* DetailsTests.swift in Sources */,
				ABAAC2A5284768BC00A906EB /* DiscoverTests.swift in Sources */,
			);
			runOnlyForDeploymentPostprocessing = 0;
		};
		AB2ECEC527E26F71001BB551 /* Sources */ = {
			isa = PBXSourcesBuildPhase;
			buildActionMask = 2147483647;
			files = (
				AB2ECECE27E26F71001BB551 /* Marv_LousUITests.swift in Sources */,
				AB2ECED027E26F71001BB551 /* Marv_LousUITestsLaunchTests.swift in Sources */,
			);
			runOnlyForDeploymentPostprocessing = 0;
		};
/* End PBXSourcesBuildPhase section */

/* Begin PBXTargetDependency section */
		AB2ECEC127E26F71001BB551 /* PBXTargetDependency */ = {
			isa = PBXTargetDependency;
			target = AB2ECEA827E26F6F001BB551 /* Marv-Lous */;
			targetProxy = AB2ECEC027E26F71001BB551 /* PBXContainerItemProxy */;
		};
		AB2ECECB27E26F71001BB551 /* PBXTargetDependency */ = {
			isa = PBXTargetDependency;
			target = AB2ECEA827E26F6F001BB551 /* Marv-Lous */;
			targetProxy = AB2ECECA27E26F71001BB551 /* PBXContainerItemProxy */;
		};
/* End PBXTargetDependency section */

/* Begin PBXVariantGroup section */
		AB2ECEB227E26F6F001BB551 /* LoginScreen.storyboard */ = {
			isa = PBXVariantGroup;
			children = (
				AB2ECEB327E26F6F001BB551 /* Base */,
			);
			name = LoginScreen.storyboard;
			sourceTree = "<group>";
		};
		AB2ECEB727E26F71001BB551 /* LaunchScreen.storyboard */ = {
			isa = PBXVariantGroup;
			children = (
				AB2ECEB827E26F71001BB551 /* Base */,
			);
			name = LaunchScreen.storyboard;
			sourceTree = "<group>";
		};
/* End PBXVariantGroup section */

/* Begin XCBuildConfiguration section */
		AB2ECED127E26F71001BB551 /* Debug */ = {
			isa = XCBuildConfiguration;
			buildSettings = {
				ALWAYS_SEARCH_USER_PATHS = NO;
				CLANG_ANALYZER_NONNULL = YES;
				CLANG_ANALYZER_NUMBER_OBJECT_CONVERSION = YES_AGGRESSIVE;
				CLANG_CXX_LANGUAGE_STANDARD = "gnu++17";
				CLANG_ENABLE_MODULES = YES;
				CLANG_ENABLE_OBJC_ARC = YES;
				CLANG_ENABLE_OBJC_WEAK = YES;
				CLANG_WARN_BLOCK_CAPTURE_AUTORELEASING = YES;
				CLANG_WARN_BOOL_CONVERSION = YES;
				CLANG_WARN_COMMA = YES;
				CLANG_WARN_CONSTANT_CONVERSION = YES;
				CLANG_WARN_DEPRECATED_OBJC_IMPLEMENTATIONS = YES;
				CLANG_WARN_DIRECT_OBJC_ISA_USAGE = YES_ERROR;
				CLANG_WARN_DOCUMENTATION_COMMENTS = YES;
				CLANG_WARN_EMPTY_BODY = YES;
				CLANG_WARN_ENUM_CONVERSION = YES;
				CLANG_WARN_INFINITE_RECURSION = YES;
				CLANG_WARN_INT_CONVERSION = YES;
				CLANG_WARN_NON_LITERAL_NULL_CONVERSION = YES;
				CLANG_WARN_OBJC_IMPLICIT_RETAIN_SELF = YES;
				CLANG_WARN_OBJC_LITERAL_CONVERSION = YES;
				CLANG_WARN_OBJC_ROOT_CLASS = YES_ERROR;
				CLANG_WARN_QUOTED_INCLUDE_IN_FRAMEWORK_HEADER = YES;
				CLANG_WARN_RANGE_LOOP_ANALYSIS = YES;
				CLANG_WARN_STRICT_PROTOTYPES = YES;
				CLANG_WARN_SUSPICIOUS_MOVE = YES;
				CLANG_WARN_UNGUARDED_AVAILABILITY = YES_AGGRESSIVE;
				CLANG_WARN_UNREACHABLE_CODE = YES;
				CLANG_WARN__DUPLICATE_METHOD_MATCH = YES;
				COPY_PHASE_STRIP = NO;
				DEBUG_INFORMATION_FORMAT = dwarf;
				ENABLE_STRICT_OBJC_MSGSEND = YES;
				ENABLE_TESTABILITY = YES;
				GCC_C_LANGUAGE_STANDARD = gnu11;
				GCC_DYNAMIC_NO_PIC = NO;
				GCC_NO_COMMON_BLOCKS = YES;
				GCC_OPTIMIZATION_LEVEL = 0;
				GCC_PREPROCESSOR_DEFINITIONS = (
					"DEBUG=1",
					"$(inherited)",
				);
				GCC_WARN_64_TO_32_BIT_CONVERSION = YES;
				GCC_WARN_ABOUT_RETURN_TYPE = YES_ERROR;
				GCC_WARN_UNDECLARED_SELECTOR = YES;
				GCC_WARN_UNINITIALIZED_AUTOS = YES_AGGRESSIVE;
				GCC_WARN_UNUSED_FUNCTION = YES;
				GCC_WARN_UNUSED_VARIABLE = YES;
				IPHONEOS_DEPLOYMENT_TARGET = 15.4;
				MTL_ENABLE_DEBUG_INFO = INCLUDE_SOURCE;
				MTL_FAST_MATH = YES;
				ONLY_ACTIVE_ARCH = YES;
				SDKROOT = iphoneos;
				SWIFT_ACTIVE_COMPILATION_CONDITIONS = DEBUG;
				SWIFT_OPTIMIZATION_LEVEL = "-Onone";
			};
			name = Debug;
		};
		AB2ECED227E26F71001BB551 /* Release */ = {
			isa = XCBuildConfiguration;
			buildSettings = {
				ALWAYS_SEARCH_USER_PATHS = NO;
				CLANG_ANALYZER_NONNULL = YES;
				CLANG_ANALYZER_NUMBER_OBJECT_CONVERSION = YES_AGGRESSIVE;
				CLANG_CXX_LANGUAGE_STANDARD = "gnu++17";
				CLANG_ENABLE_MODULES = YES;
				CLANG_ENABLE_OBJC_ARC = YES;
				CLANG_ENABLE_OBJC_WEAK = YES;
				CLANG_WARN_BLOCK_CAPTURE_AUTORELEASING = YES;
				CLANG_WARN_BOOL_CONVERSION = YES;
				CLANG_WARN_COMMA = YES;
				CLANG_WARN_CONSTANT_CONVERSION = YES;
				CLANG_WARN_DEPRECATED_OBJC_IMPLEMENTATIONS = YES;
				CLANG_WARN_DIRECT_OBJC_ISA_USAGE = YES_ERROR;
				CLANG_WARN_DOCUMENTATION_COMMENTS = YES;
				CLANG_WARN_EMPTY_BODY = YES;
				CLANG_WARN_ENUM_CONVERSION = YES;
				CLANG_WARN_INFINITE_RECURSION = YES;
				CLANG_WARN_INT_CONVERSION = YES;
				CLANG_WARN_NON_LITERAL_NULL_CONVERSION = YES;
				CLANG_WARN_OBJC_IMPLICIT_RETAIN_SELF = YES;
				CLANG_WARN_OBJC_LITERAL_CONVERSION = YES;
				CLANG_WARN_OBJC_ROOT_CLASS = YES_ERROR;
				CLANG_WARN_QUOTED_INCLUDE_IN_FRAMEWORK_HEADER = YES;
				CLANG_WARN_RANGE_LOOP_ANALYSIS = YES;
				CLANG_WARN_STRICT_PROTOTYPES = YES;
				CLANG_WARN_SUSPICIOUS_MOVE = YES;
				CLANG_WARN_UNGUARDED_AVAILABILITY = YES_AGGRESSIVE;
				CLANG_WARN_UNREACHABLE_CODE = YES;
				CLANG_WARN__DUPLICATE_METHOD_MATCH = YES;
				COPY_PHASE_STRIP = NO;
				DEBUG_INFORMATION_FORMAT = "dwarf-with-dsym";
				ENABLE_NS_ASSERTIONS = NO;
				ENABLE_STRICT_OBJC_MSGSEND = YES;
				GCC_C_LANGUAGE_STANDARD = gnu11;
				GCC_NO_COMMON_BLOCKS = YES;
				GCC_WARN_64_TO_32_BIT_CONVERSION = YES;
				GCC_WARN_ABOUT_RETURN_TYPE = YES_ERROR;
				GCC_WARN_UNDECLARED_SELECTOR = YES;
				GCC_WARN_UNINITIALIZED_AUTOS = YES_AGGRESSIVE;
				GCC_WARN_UNUSED_FUNCTION = YES;
				GCC_WARN_UNUSED_VARIABLE = YES;
				IPHONEOS_DEPLOYMENT_TARGET = 15.4;
				MTL_ENABLE_DEBUG_INFO = NO;
				MTL_FAST_MATH = YES;
				SDKROOT = iphoneos;
				SWIFT_COMPILATION_MODE = wholemodule;
				SWIFT_OPTIMIZATION_LEVEL = "-O";
				VALIDATE_PRODUCT = YES;
			};
			name = Release;
		};
		AB2ECED427E26F71001BB551 /* Debug */ = {
			isa = XCBuildConfiguration;
			buildSettings = {
				ASSETCATALOG_COMPILER_APPICON_NAME = AppIcon;
				ASSETCATALOG_COMPILER_GLOBAL_ACCENT_COLOR_NAME = AccentColor;
				CODE_SIGN_IDENTITY = "Apple Development";
				CODE_SIGN_STYLE = Automatic;
				CURRENT_PROJECT_VERSION = 1;
				DEVELOPMENT_TEAM = WX693MMMLG;
				GENERATE_INFOPLIST_FILE = YES;
				INFOPLIST_FILE = "Marv-Lous/Config/Info.plist";
				INFOPLIST_KEY_UIApplicationSupportsIndirectInputEvents = YES;
				INFOPLIST_KEY_UILaunchStoryboardName = LaunchScreen;
				INFOPLIST_KEY_UIMainStoryboardFile = LoginScreen;
				INFOPLIST_KEY_UISupportedInterfaceOrientations_iPad = "UIInterfaceOrientationPortrait UIInterfaceOrientationPortraitUpsideDown UIInterfaceOrientationLandscapeLeft UIInterfaceOrientationLandscapeRight";
				INFOPLIST_KEY_UISupportedInterfaceOrientations_iPhone = "UIInterfaceOrientationPortrait UIInterfaceOrientationLandscapeLeft UIInterfaceOrientationLandscapeRight";
				LD_RUNPATH_SEARCH_PATHS = (
					"$(inherited)",
					"@executable_path/Frameworks",
				);
				MARKETING_VERSION = 1.0;
				PRODUCT_BUNDLE_IDENTIFIER = com.dvt.eegers.Marvlous;
				PRODUCT_NAME = "$(TARGET_NAME)";
				PROVISIONING_PROFILE_SPECIFIER = "";
				SWIFT_EMIT_LOC_STRINGS = YES;
				SWIFT_VERSION = 5.0;
				TARGETED_DEVICE_FAMILY = "1,2";
			};
			name = Debug;
		};
		AB2ECED527E26F71001BB551 /* Release */ = {
			isa = XCBuildConfiguration;
			buildSettings = {
				ASSETCATALOG_COMPILER_APPICON_NAME = AppIcon;
				ASSETCATALOG_COMPILER_GLOBAL_ACCENT_COLOR_NAME = AccentColor;
				CODE_SIGN_IDENTITY = "iPhone Developer";
				CODE_SIGN_STYLE = Automatic;
				CURRENT_PROJECT_VERSION = 1;
				DEVELOPMENT_TEAM = WX693MMMLG;
				GENERATE_INFOPLIST_FILE = YES;
				INFOPLIST_FILE = "Marv-Lous/Config/Info.plist";
				INFOPLIST_KEY_UIApplicationSupportsIndirectInputEvents = YES;
				INFOPLIST_KEY_UILaunchStoryboardName = LaunchScreen;
				INFOPLIST_KEY_UIMainStoryboardFile = LoginScreen;
				INFOPLIST_KEY_UISupportedInterfaceOrientations_iPad = "UIInterfaceOrientationPortrait UIInterfaceOrientationPortraitUpsideDown UIInterfaceOrientationLandscapeLeft UIInterfaceOrientationLandscapeRight";
				INFOPLIST_KEY_UISupportedInterfaceOrientations_iPhone = "UIInterfaceOrientationPortrait UIInterfaceOrientationLandscapeLeft UIInterfaceOrientationLandscapeRight";
				LD_RUNPATH_SEARCH_PATHS = (
					"$(inherited)",
					"@executable_path/Frameworks",
				);
				MARKETING_VERSION = 1.0;
				PRODUCT_BUNDLE_IDENTIFIER = com.dvt.eegers.Marvlous;
				PRODUCT_NAME = "$(TARGET_NAME)";
				PROVISIONING_PROFILE_SPECIFIER = "";
				SWIFT_EMIT_LOC_STRINGS = YES;
				SWIFT_VERSION = 5.0;
				TARGETED_DEVICE_FAMILY = "1,2";
			};
			name = Release;
		};
		AB2ECED727E26F71001BB551 /* Debug */ = {
			isa = XCBuildConfiguration;
			buildSettings = {
				ALWAYS_EMBED_SWIFT_STANDARD_LIBRARIES = YES;
				BUNDLE_LOADER = "$(TEST_HOST)";
				CODE_SIGN_STYLE = Automatic;
				CURRENT_PROJECT_VERSION = 1;
				DEVELOPMENT_TEAM = WX693MMMLG;
				GENERATE_INFOPLIST_FILE = YES;
				IPHONEOS_DEPLOYMENT_TARGET = 15.4;
				MARKETING_VERSION = 1.0;
				PRODUCT_BUNDLE_IDENTIFIER = "com.dvt.eegers.Marv-LousTests";
				PRODUCT_NAME = "$(TARGET_NAME)";
				SWIFT_EMIT_LOC_STRINGS = NO;
				SWIFT_VERSION = 5.0;
				TARGETED_DEVICE_FAMILY = "1,2";
				TEST_HOST = "$(BUILT_PRODUCTS_DIR)/Marv-Lous.app/Marv-Lous";
			};
			name = Debug;
		};
		AB2ECED827E26F71001BB551 /* Release */ = {
			isa = XCBuildConfiguration;
			buildSettings = {
				ALWAYS_EMBED_SWIFT_STANDARD_LIBRARIES = YES;
				BUNDLE_LOADER = "$(TEST_HOST)";
				CODE_SIGN_STYLE = Automatic;
				CURRENT_PROJECT_VERSION = 1;
				DEVELOPMENT_TEAM = WX693MMMLG;
				GENERATE_INFOPLIST_FILE = YES;
				IPHONEOS_DEPLOYMENT_TARGET = 15.4;
				MARKETING_VERSION = 1.0;
				PRODUCT_BUNDLE_IDENTIFIER = "com.dvt.eegers.Marv-LousTests";
				PRODUCT_NAME = "$(TARGET_NAME)";
				SWIFT_EMIT_LOC_STRINGS = NO;
				SWIFT_VERSION = 5.0;
				TARGETED_DEVICE_FAMILY = "1,2";
				TEST_HOST = "$(BUILT_PRODUCTS_DIR)/Marv-Lous.app/Marv-Lous";
			};
			name = Release;
		};
		AB2ECEDA27E26F71001BB551 /* Debug */ = {
			isa = XCBuildConfiguration;
			buildSettings = {
				ALWAYS_EMBED_SWIFT_STANDARD_LIBRARIES = YES;
				CODE_SIGN_STYLE = Automatic;
				CURRENT_PROJECT_VERSION = 1;
				DEVELOPMENT_TEAM = WX693MMMLG;
				GENERATE_INFOPLIST_FILE = YES;
				MARKETING_VERSION = 1.0;
				PRODUCT_BUNDLE_IDENTIFIER = "com.dvt.eegers.Marv-LousUITests";
				PRODUCT_NAME = "$(TARGET_NAME)";
				SWIFT_EMIT_LOC_STRINGS = NO;
				SWIFT_VERSION = 5.0;
				TARGETED_DEVICE_FAMILY = "1,2";
				TEST_TARGET_NAME = "Marv-Lous";
			};
			name = Debug;
		};
		AB2ECEDB27E26F71001BB551 /* Release */ = {
			isa = XCBuildConfiguration;
			buildSettings = {
				ALWAYS_EMBED_SWIFT_STANDARD_LIBRARIES = YES;
				CODE_SIGN_STYLE = Automatic;
				CURRENT_PROJECT_VERSION = 1;
				DEVELOPMENT_TEAM = WX693MMMLG;
				GENERATE_INFOPLIST_FILE = YES;
				MARKETING_VERSION = 1.0;
				PRODUCT_BUNDLE_IDENTIFIER = "com.dvt.eegers.Marv-LousUITests";
				PRODUCT_NAME = "$(TARGET_NAME)";
				SWIFT_EMIT_LOC_STRINGS = NO;
				SWIFT_VERSION = 5.0;
				TARGETED_DEVICE_FAMILY = "1,2";
				TEST_TARGET_NAME = "Marv-Lous";
			};
			name = Release;
		};
/* End XCBuildConfiguration section */

/* Begin XCConfigurationList section */
		AB2ECEA427E26F6F001BB551 /* Build configuration list for PBXProject "Marv-Lous" */ = {
			isa = XCConfigurationList;
			buildConfigurations = (
				AB2ECED127E26F71001BB551 /* Debug */,
				AB2ECED227E26F71001BB551 /* Release */,
			);
			defaultConfigurationIsVisible = 0;
			defaultConfigurationName = Release;
		};
		AB2ECED327E26F71001BB551 /* Build configuration list for PBXNativeTarget "Marv-Lous" */ = {
			isa = XCConfigurationList;
			buildConfigurations = (
				AB2ECED427E26F71001BB551 /* Debug */,
				AB2ECED527E26F71001BB551 /* Release */,
			);
			defaultConfigurationIsVisible = 0;
			defaultConfigurationName = Release;
		};
		AB2ECED627E26F71001BB551 /* Build configuration list for PBXNativeTarget "Marv-LousTests" */ = {
			isa = XCConfigurationList;
			buildConfigurations = (
				AB2ECED727E26F71001BB551 /* Debug */,
				AB2ECED827E26F71001BB551 /* Release */,
			);
			defaultConfigurationIsVisible = 0;
			defaultConfigurationName = Release;
		};
		AB2ECED927E26F71001BB551 /* Build configuration list for PBXNativeTarget "Marv-LousUITests" */ = {
			isa = XCConfigurationList;
			buildConfigurations = (
				AB2ECEDA27E26F71001BB551 /* Debug */,
				AB2ECEDB27E26F71001BB551 /* Release */,
			);
			defaultConfigurationIsVisible = 0;
			defaultConfigurationName = Release;
		};
/* End XCConfigurationList section */
	};
	rootObject = AB2ECEA127E26F6F001BB551 /* Project object */;
}
